
Microsoft Visual Studio Solution File, Format Version 12.00
# Visual Studio Version 17
VisualStudioVersion = 17.5.33424.131
MinimumVisualStudioVersion = 10.0.40219.1
Project("{9A19103F-16F7-4668-BE54-9A1E7A4F7556}") = "HizliBilet", "HizliBilet\HizliBilet.csproj", "{9D4ACA2C-792D-4A24-A86D-63117F0350C3}"
EndProject
Project("{9A19103F-16F7-4668-BE54-9A1E7A4F7556}") = "HizliBilet.EntityLayer", "EntityLayer\HizliBilet.EntityLayer.csproj", "{AB476640-709F-46D2-B376-4D028B29E0C1}"
EndProject
Project("{9A19103F-16F7-4668-BE54-9A1E7A4F7556}") = "HizliBilet.DataAccess", "DataAccess\HizliBilet.DataAccess.csproj", "{FD8C567F-922C-4EA0-82C4-0A2D1F645151}"
EndProject
Project("{9A19103F-16F7-4668-BE54-9A1E7A4F7556}") = "HizliBilet.BusinessLayer", "BusinessLayer\HizliBilet.BusinessLayer.csproj", "{2AC9E1A5-F709-471D-834B-36328FE39394}"
EndProject
Global
	GlobalSection(SolutionConfigurationPlatforms) = preSolution
		Debug|Any CPU = Debug|Any CPU
		Release|Any CPU = Release|Any CPU
	EndGlobalSection
	GlobalSection(ProjectConfigurationPlatforms) = postSolution
		{9D4ACA2C-792D-4A24-A86D-63117F0350C3}.Debug|Any CPU.ActiveCfg = Debug|Any CPU
		{9D4ACA2C-792D-4A24-A86D-63117F0350C3}.Debug|Any CPU.Build.0 = Debug|Any CPU
		{9D4ACA2C-792D-4A24-A86D-63117F0350C3}.Release|Any CPU.ActiveCfg = Release|Any CPU
		{9D4ACA2C-792D-4A24-A86D-63117F0350C3}.Release|Any CPU.Build.0 = Release|Any CPU
		{AB476640-709F-46D2-B376-4D028B29E0C1}.Debug|Any CPU.ActiveCfg = Debug|Any CPU
		{AB476640-709F-46D2-B376-4D028B29E0C1}.Debug|Any CPU.Build.0 = Debug|Any CPU
		{AB476640-709F-46D2-B376-4D028B29E0C1}.Release|Any CPU.ActiveCfg = Release|Any CPU
		{AB476640-709F-46D2-B376-4D028B29E0C1}.Release|Any CPU.Build.0 = Release|Any CPU
		{FD8C567F-922C-4EA0-82C4-0A2D1F645151}.Debug|Any CPU.ActiveCfg = Debug|Any CPU
		{FD8C567F-922C-4EA0-82C4-0A2D1F645151}.Debug|Any CPU.Build.0 = Debug|Any CPU
		{FD8C567F-922C-4EA0-82C4-0A2D1F645151}.Release|Any CPU.ActiveCfg = Release|Any CPU
		{FD8C567F-922C-4EA0-82C4-0A2D1F645151}.Release|Any CPU.Build.0 = Release|Any CPU
		{2AC9E1A5-F709-471D-834B-36328FE39394}.Debug|Any CPU.ActiveCfg = Debug|Any CPU
		{2AC9E1A5-F709-471D-834B-36328FE39394}.Debug|Any CPU.Build.0 = Debug|Any CPU
		{2AC9E1A5-F709-471D-834B-36328FE39394}.Release|Any CPU.ActiveCfg = Release|Any CPU
		{2AC9E1A5-F709-471D-834B-36328FE39394}.Release|Any CPU.Build.0 = Release|Any CPU
	EndGlobalSection
	GlobalSection(SolutionProperties) = preSolution
		HideSolutionNode = FALSE
	EndGlobalSection
	GlobalSection(ExtensibilityGlobals) = postSolution
		SolutionGuid = {1D1DC571-8031-4753-AAB8-76AD152598B4}
	EndGlobalSection
EndGlobal
